
Microsoft Visual Studio Solution File, Format Version 12.00
# Visual Studio Version 17
VisualStudioVersion = 17.8.34330.188
MinimumVisualStudioVersion = 10.0.40219.1
Project("{FAE04EC0-301F-11D3-BF4B-00C04F79EFBC}") = "WindowsFormsApp7", "WindowsFormsApp7\WindowsFormsApp7.csproj", "{DD939451-4AF5-47CF-8099-37E29141CC77}"
EndProject
Global
	GlobalSection(SolutionConfigurationPlatforms) = preSolution
		Debug|Any CPU = Debug|Any CPU
		Release|Any CPU = Release|Any CPU
	EndGlobalSection
	GlobalSection(ProjectConfigurationPlatforms) = postSolution
		{DD939451-4AF5-47CF-8099-37E29141CC77}.Debug|Any CPU.ActiveCfg = Debug|Any CPU
		{DD939451-4AF5-47CF-8099-37E29141CC77}.Debug|Any CPU.Build.0 = Debug|Any CPU
		{DD939451-4AF5-47CF-8099-37E29141CC77}.Release|Any CPU.ActiveCfg = Release|Any CPU
		{DD939451-4AF5-47CF-8099-37E29141CC77}.Release|Any CPU.Build.0 = Release|Any CPU
	EndGlobalSection
	GlobalSection(SolutionProperties) = preSolution
		HideSolutionNode = FALSE
	EndGlobalSection
	GlobalSection(ExtensibilityGlobals) = postSolution
		SolutionGuid = {CC94F020-0A8A-495E-A1B1-2CF19F4BBBE7}
	EndGlobalSection
EndGlobal
